
Microsoft Visual Studio Solution File, Format Version 12.00
# Visual Studio Version 16
VisualStudioVersion = 16.0.29905.134
MinimumVisualStudioVersion = 10.0.40219.1
Project("{9A19103F-16F7-4668-BE54-9A1E7A4F7556}") = "CoronavirusFunction", "CoronavirusFunction\CoronavirusFunction.csproj", "{C20C3775-8E9D-4B52-A1EE-200AC1D1264A}"
EndProject
Project("{9A19103F-16F7-4668-BE54-9A1E7A4F7556}") = "LandingPage", "LandingPage\LandingPage.csproj", "{2D9629B3-C217-47E6-9382-88D859019B86}"
EndProject
Global
	GlobalSection(SolutionConfigurationPlatforms) = preSolution
		Debug|Any CPU = Debug|Any CPU
		Release|Any CPU = Release|Any CPU
	EndGlobalSection
	GlobalSection(ProjectConfigurationPlatforms) = postSolution
		{C20C3775-8E9D-4B52-A1EE-200AC1D1264A}.Debug|Any CPU.ActiveCfg = Debug|Any CPU
		{C20C3775-8E9D-4B52-A1EE-200AC1D1264A}.Debug|Any CPU.Build.0 = Debug|Any CPU
		{C20C3775-8E9D-4B52-A1EE-200AC1D1264A}.Release|Any CPU.ActiveCfg = Release|Any CPU
		{C20C3775-8E9D-4B52-A1EE-200AC1D1264A}.Release|Any CPU.Build.0 = Release|Any CPU
		{2D9629B3-C217-47E6-9382-88D859019B86}.Debug|Any CPU.ActiveCfg = Debug|Any CPU
		{2D9629B3-C217-47E6-9382-88D859019B86}.Debug|Any CPU.Build.0 = Debug|Any CPU
		{2D9629B3-C217-47E6-9382-88D859019B86}.Release|Any CPU.ActiveCfg = Release|Any CPU
		{2D9629B3-C217-47E6-9382-88D859019B86}.Release|Any CPU.Build.0 = Release|Any CPU
	EndGlobalSection
	GlobalSection(SolutionProperties) = preSolution
		HideSolutionNode = FALSE
	EndGlobalSection
	GlobalSection(ExtensibilityGlobals) = postSolution
		SolutionGuid = {8C81BFA5-DD04-4753-A3D1-9DB23A5A3044}
	EndGlobalSection
EndGlobal
